// !$*UTF8*$!
{
	archiveVersion = 1;
	classes = {
	};
	objectVersion = 46;
	objects = {

/* Begin PBXBuildFile section */
		C91E19F81DF7246500D7ABCD /* Obstacle.sks in Resources */ = {isa = PBXBuildFile; fileRef = C91E19F71DF7246500D7ABCD /* Obstacle.sks */; };
		C91E19FA1DF7246F00D7ABCD /* Hero.sks in Resources */ = {isa = PBXBuildFile; fileRef = C91E19F91DF7246F00D7ABCD /* Hero.sks */; };
		C91E19FC1DF725FE00D7ABCD /* Main.storyboard in Resources */ = {isa = PBXBuildFile; fileRef = C91E19FB1DF725FE00D7ABCD /* Main.storyboard */; };
		C926F5E11E19AF06007584F7 /* InfiniteGameSceneAnimations.swift in Sources */ = {isa = PBXBuildFile; fileRef = C926F5E01E19AF06007584F7 /* InfiniteGameSceneAnimations.swift */; };
		C926F5E31E19E82C007584F7 /* CustomColors.swift in Sources */ = {isa = PBXBuildFile; fileRef = C926F5E21E19E82C007584F7 /* CustomColors.swift */; };
		C950DC661E0C1E6F001675F9 /* GameStats.swift in Sources */ = {isa = PBXBuildFile; fileRef = C950DC651E0C1E6F001675F9 /* GameStats.swift */; };
		C9C2CFA31DFEFECC001DB1B6 /* flap.caf in Resources */ = {isa = PBXBuildFile; fileRef = C9C2CFA01DFEFECC001DB1B6 /* flap.caf */; };
		C9C2CFA41DFEFECC001DB1B6 /* goal.caf in Resources */ = {isa = PBXBuildFile; fileRef = C9C2CFA11DFEFECC001DB1B6 /* goal.caf */; };
		C9C2CFB01DFF0003001DB1B6 /* CGFloat+Extensions.swift in Sources */ = {isa = PBXBuildFile; fileRef = C9C2CFAC1DFF0003001DB1B6 /* CGFloat+Extensions.swift */; };
		C9C2CFB11DFF0003001DB1B6 /* MSButtonNode.swift in Sources */ = {isa = PBXBuildFile; fileRef = C9C2CFAD1DFF0003001DB1B6 /* MSButtonNode.swift */; };
		C9C2CFB21DFF0003001DB1B6 /* pixelFont.ttf in Resources */ = {isa = PBXBuildFile; fileRef = C9C2CFAE1DFF0003001DB1B6 /* pixelFont.ttf */; };
		C9C2CFB31DFF0003001DB1B6 /* Sounds.swift in Sources */ = {isa = PBXBuildFile; fileRef = C9C2CFAF1DFF0003001DB1B6 /* Sounds.swift */; };
		C9C97FE91DFB61F600627547 /* InfiniteScoreboard.sks in Resources */ = {isa = PBXBuildFile; fileRef = C9C97FE81DFB61F600627547 /* InfiniteScoreboard.sks */; };
		C9D5405D1E0AE7C200CAE1D1 /* GameStats.sks in Resources */ = {isa = PBXBuildFile; fileRef = C9D5405C1E0AE7C200CAE1D1 /* GameStats.sks */; };
		C9FC13901DF716EE00744006 /* AppDelegate.swift in Sources */ = {isa = PBXBuildFile; fileRef = C9FC138F1DF716EE00744006 /* AppDelegate.swift */; };
		C9FC13921DF716EE00744006 /* InfiniteGameScene.sks in Resources */ = {isa = PBXBuildFile; fileRef = C9FC13911DF716EE00744006 /* InfiniteGameScene.sks */; };
		C9FC13961DF716EE00744006 /* InfiniteGameScene.swift in Sources */ = {isa = PBXBuildFile; fileRef = C9FC13951DF716EE00744006 /* InfiniteGameScene.swift */; };
		C9FC13981DF716EE00744006 /* GameViewController.swift in Sources */ = {isa = PBXBuildFile; fileRef = C9FC13971DF716EE00744006 /* GameViewController.swift */; };
		C9FC139D1DF716EE00744006 /* Assets.xcassets in Resources */ = {isa = PBXBuildFile; fileRef = C9FC139C1DF716EE00744006 /* Assets.xcassets */; };
/* End PBXBuildFile section */

/* Begin PBXFileReference section */
		C91E19F71DF7246500D7ABCD /* Obstacle.sks */ = {isa = PBXFileReference; lastKnownFileType = file.sks; path = Obstacle.sks; sourceTree = "<group>"; };
		C91E19F91DF7246F00D7ABCD /* Hero.sks */ = {isa = PBXFileReference; lastKnownFileType = file.sks; path = Hero.sks; sourceTree = "<group>"; };
		C91E19FB1DF725FE00D7ABCD /* Main.storyboard */ = {isa = PBXFileReference; fileEncoding = 4; lastKnownFileType = file.storyboard; path = Main.storyboard; sourceTree = "<group>"; };
		C926F5E01E19AF06007584F7 /* InfiniteGameSceneAnimations.swift */ = {isa = PBXFileReference; fileEncoding = 4; lastKnownFileType = sourcecode.swift; path = InfiniteGameSceneAnimations.swift; sourceTree = "<group>"; };
		C926F5E21E19E82C007584F7 /* CustomColors.swift */ = {isa = PBXFileReference; fileEncoding = 4; lastKnownFileType = sourcecode.swift; path = CustomColors.swift; sourceTree = "<group>"; };
		C950DC651E0C1E6F001675F9 /* GameStats.swift */ = {isa = PBXFileReference; fileEncoding = 4; lastKnownFileType = sourcecode.swift; path = GameStats.swift; sourceTree = "<group>"; };
		C9C2CFA01DFEFECC001DB1B6 /* flap.caf */ = {isa = PBXFileReference; lastKnownFileType = file; name = flap.caf; path = SFX/flap.caf; sourceTree = "<group>"; };
		C9C2CFA11DFEFECC001DB1B6 /* goal.caf */ = {isa = PBXFileReference; lastKnownFileType = file; name = goal.caf; path = SFX/goal.caf; sourceTree = "<group>"; };
		C9C2CFAC1DFF0003001DB1B6 /* CGFloat+Extensions.swift */ = {isa = PBXFileReference; fileEncoding = 4; lastKnownFileType = sourcecode.swift; path = "CGFloat+Extensions.swift"; sourceTree = "<group>"; };
		C9C2CFAD1DFF0003001DB1B6 /* MSButtonNode.swift */ = {isa = PBXFileReference; fileEncoding = 4; lastKnownFileType = sourcecode.swift; path = MSButtonNode.swift; sourceTree = "<group>"; };
		C9C2CFAE1DFF0003001DB1B6 /* pixelFont.ttf */ = {isa = PBXFileReference; lastKnownFileType = file; path = pixelFont.ttf; sourceTree = "<group>"; };
		C9C2CFAF1DFF0003001DB1B6 /* Sounds.swift */ = {isa = PBXFileReference; fileEncoding = 4; lastKnownFileType = sourcecode.swift; path = Sounds.swift; sourceTree = "<group>"; };
		C9C97FE81DFB61F600627547 /* InfiniteScoreboard.sks */ = {isa = PBXFileReference; lastKnownFileType = file.sks; path = InfiniteScoreboard.sks; sourceTree = "<group>"; };
		C9D5405C1E0AE7C200CAE1D1 /* GameStats.sks */ = {isa = PBXFileReference; lastKnownFileType = file.sks; path = GameStats.sks; sourceTree = "<group>"; };
		C9FC138C1DF716EE00744006 /* HoppyHare.app */ = {isa = PBXFileReference; explicitFileType = wrapper.application; includeInIndex = 0; path = HoppyHare.app; sourceTree = BUILT_PRODUCTS_DIR; };
		C9FC138F1DF716EE00744006 /* AppDelegate.swift */ = {isa = PBXFileReference; lastKnownFileType = sourcecode.swift; path = AppDelegate.swift; sourceTree = "<group>"; };
		C9FC13911DF716EE00744006 /* InfiniteGameScene.sks */ = {isa = PBXFileReference; lastKnownFileType = file.sks; path = InfiniteGameScene.sks; sourceTree = "<group>"; };
		C9FC13951DF716EE00744006 /* InfiniteGameScene.swift */ = {isa = PBXFileReference; lastKnownFileType = sourcecode.swift; path = InfiniteGameScene.swift; sourceTree = "<group>"; };
		C9FC13971DF716EE00744006 /* GameViewController.swift */ = {isa = PBXFileReference; lastKnownFileType = sourcecode.swift; path = GameViewController.swift; sourceTree = "<group>"; };
		C9FC139C1DF716EE00744006 /* Assets.xcassets */ = {isa = PBXFileReference; lastKnownFileType = folder.assetcatalog; path = Assets.xcassets; sourceTree = "<group>"; };
		C9FC13A11DF716EE00744006 /* Info.plist */ = {isa = PBXFileReference; lastKnownFileType = text.plist.xml; path = Info.plist; sourceTree = "<group>"; };
/* End PBXFileReference section */

/* Begin PBXFrameworksBuildPhase section */
		C9FC13891DF716EE00744006 /* Frameworks */ = {
			isa = PBXFrameworksBuildPhase;
			buildActionMask = 2147483647;
			files = (
			);
			runOnlyForDeploymentPostprocessing = 0;
		};
/* End PBXFrameworksBuildPhase section */

/* Begin PBXGroup section */
		C9C2CFB41DFF02B2001DB1B6 /* Resources */ = {
			isa = PBXGroup;
			children = (
				C9FC139C1DF716EE00744006 /* Assets.xcassets */,
				C9C2CFAE1DFF0003001DB1B6 /* pixelFont.ttf */,
			);
			name = Resources;
			sourceTree = "<group>";
		};
		C9C2CFB51DFF02D8001DB1B6 /* Sounds */ = {
			isa = PBXGroup;
			children = (
				C9C2CFAF1DFF0003001DB1B6 /* Sounds.swift */,
				C9C2CFA01DFEFECC001DB1B6 /* flap.caf */,
				C9C2CFA11DFEFECC001DB1B6 /* goal.caf */,
			);
			name = Sounds;
			sourceTree = "<group>";
		};
		C9C2CFB61DFF02F3001DB1B6 /* Libs */ = {
			isa = PBXGroup;
			children = (
				C9C2CFAC1DFF0003001DB1B6 /* CGFloat+Extensions.swift */,
				C9C2CFAD1DFF0003001DB1B6 /* MSButtonNode.swift */,
			);
			name = Libs;
			sourceTree = "<group>";
		};
		C9C2CFB71DFF0316001DB1B6 /* App Files */ = {
			isa = PBXGroup;
			children = (
				C9FC13A11DF716EE00744006 /* Info.plist */,
				C9FC138F1DF716EE00744006 /* AppDelegate.swift */,
				C9FC13971DF716EE00744006 /* GameViewController.swift */,
				C926F5E21E19E82C007584F7 /* CustomColors.swift */,
			);
			name = "App Files";
			sourceTree = "<group>";
		};
		C9C2CFB81DFF0373001DB1B6 /* InfGamemode */ = {
			isa = PBXGroup;
			children = (
				C926F5E01E19AF06007584F7 /* InfiniteGameSceneAnimations.swift */,
				C9FC13951DF716EE00744006 /* InfiniteGameScene.swift */,
				C9FC13911DF716EE00744006 /* InfiniteGameScene.sks */,
				C9C97FE81DFB61F600627547 /* InfiniteScoreboard.sks */,
				C91E19F91DF7246F00D7ABCD /* Hero.sks */,
				C91E19F71DF7246500D7ABCD /* Obstacle.sks */,
			);
			name = InfGamemode;
			sourceTree = "<group>";
		};
		C9FC13831DF716EE00744006 = {
			isa = PBXGroup;
			children = (
				C9FC138E1DF716EE00744006 /* HoppyHare */,
				C9FC138D1DF716EE00744006 /* Products */,
			);
			sourceTree = "<group>";
		};
		C9FC138D1DF716EE00744006 /* Products */ = {
			isa = PBXGroup;
			children = (
				C9FC138C1DF716EE00744006 /* HoppyHare.app */,
			);
			name = Products;
			sourceTree = "<group>";
		};
		C9FC138E1DF716EE00744006 /* HoppyHare */ = {
			isa = PBXGroup;
			children = (
				C9C2CFB71DFF0316001DB1B6 /* App Files */,
				C9C2CFB81DFF0373001DB1B6 /* InfGamemode */,
				C9C2CFB41DFF02B2001DB1B6 /* Resources */,
				C9C2CFB51DFF02D8001DB1B6 /* Sounds */,
				C9C2CFB61DFF02F3001DB1B6 /* Libs */,
				C950DC651E0C1E6F001675F9 /* GameStats.swift */,
				C9D5405C1E0AE7C200CAE1D1 /* GameStats.sks */,
				C91E19FB1DF725FE00D7ABCD /* Main.storyboard */,
			);
			path = HoppyHare;
			sourceTree = "<group>";
		};
/* End PBXGroup section */

/* Begin PBXNativeTarget section */
		C9FC138B1DF716EE00744006 /* HoppyHare */ = {
			isa = PBXNativeTarget;
			buildConfigurationList = C9FC13A41DF716EE00744006 /* Build configuration list for PBXNativeTarget "HoppyHare" */;
			buildPhases = (
				C9FC13881DF716EE00744006 /* Sources */,
				C9FC13891DF716EE00744006 /* Frameworks */,
				C9FC138A1DF716EE00744006 /* Resources */,
			);
			buildRules = (
			);
			dependencies = (
			);
			name = HoppyHare;
			productName = HoppyHare;
			productReference = C9FC138C1DF716EE00744006 /* HoppyHare.app */;
			productType = "com.apple.product-type.application";
		};
/* End PBXNativeTarget section */

/* Begin PBXProject section */
		C9FC13841DF716EE00744006 /* Project object */ = {
			isa = PBXProject;
			attributes = {
				LastSwiftUpdateCheck = 0810;
				LastUpgradeCheck = 0820;
				ORGANIZATIONNAME = Mattkx4;
				TargetAttributes = {
					C9FC138B1DF716EE00744006 = {
						CreatedOnToolsVersion = 8.1;
						DevelopmentTeam = T8CP9U4B3M;
						ProvisioningStyle = Automatic;
					};
				};
			};
			buildConfigurationList = C9FC13871DF716EE00744006 /* Build configuration list for PBXProject "HoppyHare" */;
			compatibilityVersion = "Xcode 3.2";
			developmentRegion = English;
			hasScannedForEncodings = 0;
			knownRegions = (
				en,
				Base,
			);
			mainGroup = C9FC13831DF716EE00744006;
			productRefGroup = C9FC138D1DF716EE00744006 /* Products */;
			projectDirPath = "";
			projectRoot = "";
			targets = (
				C9FC138B1DF716EE00744006 /* HoppyHare */,
			);
		};
/* End PBXProject section */

/* Begin PBXResourcesBuildPhase section */
		C9FC138A1DF716EE00744006 /* Resources */ = {
			isa = PBXResourcesBuildPhase;
			buildActionMask = 2147483647;
			files = (
				C9D5405D1E0AE7C200CAE1D1 /* GameStats.sks in Resources */,
				C91E19F81DF7246500D7ABCD /* Obstacle.sks in Resources */,
				C91E19FC1DF725FE00D7ABCD /* Main.storyboard in Resources */,
				C91E19FA1DF7246F00D7ABCD /* Hero.sks in Resources */,
				C9FC13921DF716EE00744006 /* InfiniteGameScene.sks in Resources */,
				C9FC139D1DF716EE00744006 /* Assets.xcassets in Resources */,
				C9C2CFB21DFF0003001DB1B6 /* pixelFont.ttf in Resources */,
				C9C97FE91DFB61F600627547 /* InfiniteScoreboard.sks in Resources */,
				C9C2CFA31DFEFECC001DB1B6 /* flap.caf in Resources */,
				C9C2CFA41DFEFECC001DB1B6 /* goal.caf in Resources */,
			);
			runOnlyForDeploymentPostprocessing = 0;
		};
/* End PBXResourcesBuildPhase section */

/* Begin PBXSourcesBuildPhase section */
		C9FC13881DF716EE00744006 /* Sources */ = {
			isa = PBXSourcesBuildPhase;
			buildActionMask = 2147483647;
			files = (
				C950DC661E0C1E6F001675F9 /* GameStats.swift in Sources */,
				C9FC13961DF716EE00744006 /* InfiniteGameScene.swift in Sources */,
				C9FC13981DF716EE00744006 /* GameViewController.swift in Sources */,
				C9C2CFB01DFF0003001DB1B6 /* CGFloat+Extensions.swift in Sources */,
				C9C2CFB31DFF0003001DB1B6 /* Sounds.swift in Sources */,
				C9FC13901DF716EE00744006 /* AppDelegate.swift in Sources */,
				C9C2CFB11DFF0003001DB1B6 /* MSButtonNode.swift in Sources */,
				C926F5E31E19E82C007584F7 /* CustomColors.swift in Sources */,
				C926F5E11E19AF06007584F7 /* InfiniteGameSceneAnimations.swift in Sources */,
			);
			runOnlyForDeploymentPostprocessing = 0;
		};
/* End PBXSourcesBuildPhase section */

/* Begin XCBuildConfiguration section */
		C9FC13A21DF716EE00744006 /* Debug */ = {
			isa = XCBuildConfiguration;
			buildSettings = {
				ALWAYS_SEARCH_USER_PATHS = NO;
				CLANG_ANALYZER_NONNULL = YES;
				CLANG_CXX_LANGUAGE_STANDARD = "gnu++0x";
				CLANG_CXX_LIBRARY = "libc++";
				CLANG_ENABLE_MODULES = YES;
				CLANG_ENABLE_OBJC_ARC = YES;
				CLANG_WARN_BOOL_CONVERSION = YES;
				CLANG_WARN_CONSTANT_CONVERSION = YES;
				CLANG_WARN_DIRECT_OBJC_ISA_USAGE = YES_ERROR;
				CLANG_WARN_DOCUMENTATION_COMMENTS = YES;
				CLANG_WARN_EMPTY_BODY = YES;
				CLANG_WARN_ENUM_CONVERSION = YES;
				CLANG_WARN_INFINITE_RECURSION = YES;
				CLANG_WARN_INT_CONVERSION = YES;
				CLANG_WARN_OBJC_ROOT_CLASS = YES_ERROR;
				CLANG_WARN_SUSPICIOUS_MOVE = YES;
				CLANG_WARN_SUSPICIOUS_MOVES = YES;
				CLANG_WARN_UNREACHABLE_CODE = YES;
				CLANG_WARN__DUPLICATE_METHOD_MATCH = YES;
				"CODE_SIGN_IDENTITY[sdk=iphoneos*]" = "iPhone Developer";
				COPY_PHASE_STRIP = NO;
				DEBUG_INFORMATION_FORMAT = dwarf;
				ENABLE_STRICT_OBJC_MSGSEND = YES;
				ENABLE_TESTABILITY = YES;
				GCC_C_LANGUAGE_STANDARD = gnu99;
				GCC_DYNAMIC_NO_PIC = NO;
				GCC_NO_COMMON_BLOCKS = YES;
				GCC_OPTIMIZATION_LEVEL = 0;
				GCC_PREPROCESSOR_DEFINITIONS = (
					"DEBUG=1",
					"$(inherited)",
				);
				GCC_WARN_64_TO_32_BIT_CONVERSION = YES;
				GCC_WARN_ABOUT_RETURN_TYPE = YES_ERROR;
				GCC_WARN_UNDECLARED_SELECTOR = YES;
				GCC_WARN_UNINITIALIZED_AUTOS = YES_AGGRESSIVE;
				GCC_WARN_UNUSED_FUNCTION = YES;
				GCC_WARN_UNUSED_VARIABLE = YES;
				IPHONEOS_DEPLOYMENT_TARGET = 10.0;
				MTL_ENABLE_DEBUG_INFO = YES;
				ONLY_ACTIVE_ARCH = YES;
				SDKROOT = iphoneos;
				SWIFT_ACTIVE_COMPILATION_CONDITIONS = DEBUG;
				SWIFT_OPTIMIZATION_LEVEL = "-Onone";
			};
			name = Debug;
		};
		C9FC13A31DF716EE00744006 /* Release */ = {
			isa = XCBuildConfiguration;
			buildSettings = {
				ALWAYS_SEARCH_USER_PATHS = NO;
				CLANG_ANALYZER_NONNULL = YES;
				CLANG_CXX_LANGUAGE_STANDARD = "gnu++0x";
				CLANG_CXX_LIBRARY = "libc++";
				CLANG_ENABLE_MODULES = YES;
				CLANG_ENABLE_OBJC_ARC = YES;
				CLANG_WARN_BOOL_CONVERSION = YES;
				CLANG_WARN_CONSTANT_CONVERSION = YES;
				CLANG_WARN_DIRECT_OBJC_ISA_USAGE = YES_ERROR;
				CLANG_WARN_DOCUMENTATION_COMMENTS = YES;
				CLANG_WARN_EMPTY_BODY = YES;
				CLANG_WARN_ENUM_CONVERSION = YES;
				CLANG_WARN_INFINITE_RECURSION = YES;
				CLANG_WARN_INT_CONVERSION = YES;
				CLANG_WARN_OBJC_ROOT_CLASS = YES_ERROR;
				CLANG_WARN_SUSPICIOUS_MOVE = YES;
				CLANG_WARN_SUSPICIOUS_MOVES = YES;
				CLANG_WARN_UNREACHABLE_CODE = YES;
				CLANG_WARN__DUPLICATE_METHOD_MATCH = YES;
				"CODE_SIGN_IDENTITY[sdk=iphoneos*]" = "iPhone Developer";
				COPY_PHASE_STRIP = NO;
				DEBUG_INFORMATION_FORMAT = "dwarf-with-dsym";
				ENABLE_NS_ASSERTIONS = NO;
				ENABLE_STRICT_OBJC_MSGSEND = YES;
				GCC_C_LANGUAGE_STANDARD = gnu99;
				GCC_NO_COMMON_BLOCKS = YES;
				GCC_WARN_64_TO_32_BIT_CONVERSION = YES;
				GCC_WARN_ABOUT_RETURN_TYPE = YES_ERROR;
				GCC_WARN_UNDECLARED_SELECTOR = YES;
				GCC_WARN_UNINITIALIZED_AUTOS = YES_AGGRESSIVE;
				GCC_WARN_UNUSED_FUNCTION = YES;
				GCC_WARN_UNUSED_VARIABLE = YES;
				IPHONEOS_DEPLOYMENT_TARGET = 10.0;
				MTL_ENABLE_DEBUG_INFO = NO;
				SDKROOT = iphoneos;
				SWIFT_OPTIMIZATION_LEVEL = "-Owholemodule";
				VALIDATE_PRODUCT = YES;
			};
			name = Release;
		};
		C9FC13A51DF716EE00744006 /* Debug */ = {
			isa = XCBuildConfiguration;
			buildSettings = {
				ASSETCATALOG_COMPILER_APPICON_NAME = AppIcon;
				ASSETCATALOG_COMPILER_LAUNCHIMAGE_NAME = LaunchImage;
				DEVELOPMENT_TEAM = T8CP9U4B3M;
				INFOPLIST_FILE = HoppyHare/Info.plist;
				IPHONEOS_DEPLOYMENT_TARGET = 10.0;
				LD_RUNPATH_SEARCH_PATHS = "$(inherited) @executable_path/Frameworks";
				PRODUCT_BUNDLE_IDENTIFIER = com.mattkx4.HoppyHare;
				PRODUCT_NAME = "$(TARGET_NAME)";
				SWIFT_VERSION = 3.0;
			};
			name = Debug;
		};
		C9FC13A61DF716EE00744006 /* Release */ = {
			isa = XCBuildConfiguration;
			buildSettings = {
				ASSETCATALOG_COMPILER_APPICON_NAME = AppIcon;
				ASSETCATALOG_COMPILER_LAUNCHIMAGE_NAME = LaunchImage;
				DEVELOPMENT_TEAM = T8CP9U4B3M;
				INFOPLIST_FILE = HoppyHare/Info.plist;
				IPHONEOS_DEPLOYMENT_TARGET = 10.0;
				LD_RUNPATH_SEARCH_PATHS = "$(inherited) @executable_path/Frameworks";
				PRODUCT_BUNDLE_IDENTIFIER = com.mattkx4.HoppyHare;
				PRODUCT_NAME = "$(TARGET_NAME)";
				SWIFT_VERSION = 3.0;
			};
			name = Release;
		};
/* End XCBuildConfiguration section */

/* Begin XCConfigurationList section */
		C9FC13871DF716EE00744006 /* Build configuration list for PBXProject "HoppyHare" */ = {
			isa = XCConfigurationList;
			buildConfigurations = (
				C9FC13A21DF716EE00744006 /* Debug */,
				C9FC13A31DF716EE00744006 /* Release */,
			);
			defaultConfigurationIsVisible = 0;
			defaultConfigurationName = Release;
		};
		C9FC13A41DF716EE00744006 /* Build configuration list for PBXNativeTarget "HoppyHare" */ = {
			isa = XCConfigurationList;
			buildConfigurations = (
				C9FC13A51DF716EE00744006 /* Debug */,
				C9FC13A61DF716EE00744006 /* Release */,
			);
			defaultConfigurationIsVisible = 0;
			defaultConfigurationName = Release;
		};
/* End XCConfigurationList section */
	};
	rootObject = C9FC13841DF716EE00744006 /* Project object */;
}
